
Microsoft Visual Studio Solution File, Format Version 12.00
# Visual Studio Version 17
VisualStudioVersion = 17.8.34525.116
MinimumVisualStudioVersion = 10.0.40219.1
Project("{FAE04EC0-301F-11D3-BF4B-00C04F79EFBC}") = "19.002.24", "19.002.24\19.002.24.csproj", "{2C980D3E-31D0-488C-8103-A440378FE9B6}"
EndProject
Project("{FAE04EC0-301F-11D3-BF4B-00C04F79EFBC}") = "zad", "zad\zad.csproj", "{5A7A0D6E-066D-4501-AA2E-E5D75A650A20}"
EndProject
Global
	GlobalSection(SolutionConfigurationPlatforms) = preSolution
		Debug|Any CPU = Debug|Any CPU
		Release|Any CPU = Release|Any CPU
	EndGlobalSection
	GlobalSection(ProjectConfigurationPlatforms) = postSolution
		{2C980D3E-31D0-488C-8103-A440378FE9B6}.Debug|Any CPU.ActiveCfg = Debug|Any CPU
		{2C980D3E-31D0-488C-8103-A440378FE9B6}.Debug|Any CPU.Build.0 = Debug|Any CPU
		{2C980D3E-31D0-488C-8103-A440378FE9B6}.Release|Any CPU.ActiveCfg = Release|Any CPU
		{2C980D3E-31D0-488C-8103-A440378FE9B6}.Release|Any CPU.Build.0 = Release|Any CPU
		{5A7A0D6E-066D-4501-AA2E-E5D75A650A20}.Debug|Any CPU.ActiveCfg = Debug|Any CPU
		{5A7A0D6E-066D-4501-AA2E-E5D75A650A20}.Debug|Any CPU.Build.0 = Debug|Any CPU
		{5A7A0D6E-066D-4501-AA2E-E5D75A650A20}.Release|Any CPU.ActiveCfg = Release|Any CPU
		{5A7A0D6E-066D-4501-AA2E-E5D75A650A20}.Release|Any CPU.Build.0 = Release|Any CPU
	EndGlobalSection
	GlobalSection(SolutionProperties) = preSolution
		HideSolutionNode = FALSE
	EndGlobalSection
	GlobalSection(ExtensibilityGlobals) = postSolution
		SolutionGuid = {AAC9A258-87E7-44A8-98F6-E44FCCA981A5}
	EndGlobalSection
EndGlobal
