
Microsoft Visual Studio Solution File, Format Version 12.00
# Visual Studio Version 17
VisualStudioVersion = 17.8.34525.116
MinimumVisualStudioVersion = 10.0.40219.1
Project("{FAE04EC0-301F-11D3-BF4B-00C04F79EFBC}") = "14.02-trifonzarezan", "14.20-trifonzarezan\14.02-trifonzarezan.csproj", "{878FE6EC-2D81-4446-B75E-92F9A75AC211}"
EndProject
Global
	GlobalSection(SolutionConfigurationPlatforms) = preSolution
		Debug|Any CPU = Debug|Any CPU
		Release|Any CPU = Release|Any CPU
	EndGlobalSection
	GlobalSection(ProjectConfigurationPlatforms) = postSolution
		{878FE6EC-2D81-4446-B75E-92F9A75AC211}.Debug|Any CPU.ActiveCfg = Debug|Any CPU
		{878FE6EC-2D81-4446-B75E-92F9A75AC211}.Debug|Any CPU.Build.0 = Debug|Any CPU
		{878FE6EC-2D81-4446-B75E-92F9A75AC211}.Release|Any CPU.ActiveCfg = Release|Any CPU
		{878FE6EC-2D81-4446-B75E-92F9A75AC211}.Release|Any CPU.Build.0 = Release|Any CPU
	EndGlobalSection
	GlobalSection(SolutionProperties) = preSolution
		HideSolutionNode = FALSE
	EndGlobalSection
	GlobalSection(ExtensibilityGlobals) = postSolution
		SolutionGuid = {2E16411B-E99D-49EC-A81F-EBD9D4B88487}
	EndGlobalSection
EndGlobal
